
Microsoft Visual Studio Solution File, Format Version 12.00
# Visual Studio Express 2012 for Windows Desktop
Project("{FAE04EC0-301F-11D3-BF4B-00C04F79EFBC}") = "2017_05_22_Aula12_Ex2_Excecoes", "2017_05_22_Aula12_Ex2_Excecoes\2017_05_22_Aula12_Ex2_Excecoes.csproj", "{39F50497-4F52-4941-BBB0-D4598E3A2448}"
EndProject
Global
	GlobalSection(SolutionConfigurationPlatforms) = preSolution
		Debug|Any CPU = Debug|Any CPU
		Release|Any CPU = Release|Any CPU
	EndGlobalSection
	GlobalSection(ProjectConfigurationPlatforms) = postSolution
		{39F50497-4F52-4941-BBB0-D4598E3A2448}.Debug|Any CPU.ActiveCfg = Debug|Any CPU
		{39F50497-4F52-4941-BBB0-D4598E3A2448}.Debug|Any CPU.Build.0 = Debug|Any CPU
		{39F50497-4F52-4941-BBB0-D4598E3A2448}.Release|Any CPU.ActiveCfg = Release|Any CPU
		{39F50497-4F52-4941-BBB0-D4598E3A2448}.Release|Any CPU.Build.0 = Release|Any CPU
	EndGlobalSection
	GlobalSection(SolutionProperties) = preSolution
		HideSolutionNode = FALSE
	EndGlobalSection
EndGlobal
